{
  "name": "@fastly/compute-testing",
  "version": "0.3.0",
  "lockfileVersion": 3,
  "requires": true,
  "packages": {
    "": {
      "name": "@fastly/compute-testing",
      "version": "0.3.0",
      "dependencies": {
        "@fastly/cli": ">=10.14.0",
        "tree-kill": "^1.2.2"
      },
      "devDependencies": {
        "@types/node": "^20.5.3",
        "rimraf": "^6.1.2",
        "typescript": "^5.1.6"
      }
    },
    "node_modules/@fastly/cli": {
      "version": "12.1.0",
      "resolved": "https://registry.npmjs.org/@fastly/cli/-/cli-12.1.0.tgz",
      "integrity": "sha512-xEMsu2WEwXjLL9WPP5NcckL4isvlus3bhq9NYR21vj/0NUC6bq+qTw3Iq55OvSc+45ipyY9G6Z9cfZSWcDGGhA==",
      "license": "Apache-2.0",
      "bin": {
        "fastly": "fastly.js"
      },
      "engines": {
        "node": ">=16"
      },
      "optionalDependencies": {
        "@fastly/cli-darwin-arm64": "=12.1.0",
        "@fastly/cli-darwin-x64": "=12.1.0",
        "@fastly/cli-linux-arm64": "=12.1.0",
        "@fastly/cli-linux-x32": "=12.1.0",
        "@fastly/cli-linux-x64": "=12.1.0",
        "@fastly/cli-win32-arm64": "=12.1.0",
        "@fastly/cli-win32-x32": "=12.1.0",
        "@fastly/cli-win32-x64": "=12.1.0"
      }
    },
    "node_modules/@fastly/cli-darwin-arm64": {
      "version": "12.1.0",
      "resolved": "https://registry.npmjs.org/@fastly/cli-darwin-arm64/-/cli-darwin-arm64-12.1.0.tgz",
      "integrity": "sha512-Sxu3I0RRUP/AQTPb5ZD3l+120wljIQAgew+3ewNH+i3Q8/V7irrTikL0bl49xSrDKDnSRK60abwHWskdENPbtA==",
      "cpu": [
        "arm64"
      ],
      "license": "Apache-2.0",
      "optional": true,
      "os": [
        "darwin"
      ],
      "bin": {
        "cli-darwin-arm64": "fastly"
      }
    },
    "node_modules/@fastly/cli-darwin-x64": {
      "version": "12.1.0",
      "resolved": "https://registry.npmjs.org/@fastly/cli-darwin-x64/-/cli-darwin-x64-12.1.0.tgz",
      "integrity": "sha512-cXxFz6DZLCrNuG3nOMV9Xc0MzWWzWDZb/kjjUqcsbGVCZcCrJm17QphWxkLUT7qhFlS91QwCTzQOMHGDa4Q8Ww==",
      "cpu": [
        "x64"
      ],
      "license": "Apache-2.0",
      "optional": true,
      "os": [
        "darwin"
      ],
      "bin": {
        "cli-darwin-x64": "fastly"
      }
    },
    "node_modules/@fastly/cli-linux-arm64": {
      "version": "12.1.0",
      "resolved": "https://registry.npmjs.org/@fastly/cli-linux-arm64/-/cli-linux-arm64-12.1.0.tgz",
      "integrity": "sha512-O/4SFexfa3/7of9u7j67BvRuCoiktL4HvGjVQJmUUJFGn0LgvSWFfhd6/XUqVLmAv2579PcE/MR+wNhl/Fa2NQ==",
      "cpu": [
        "arm64"
      ],
      "license": "Apache-2.0",
      "optional": true,
      "os": [
        "linux"
      ],
      "bin": {
        "cli-linux-arm64": "fastly"
      }
    },
    "node_modules/@fastly/cli-linux-x32": {
      "version": "12.1.0",
      "resolved": "https://registry.npmjs.org/@fastly/cli-linux-x32/-/cli-linux-x32-12.1.0.tgz",
      "integrity": "sha512-csqUeINgwqURa4I0hD/xGTbPvNIz21BjIWGeGVLaymon+psoNz6/6v2Fu8KHalsUJxv+8Ndo5PL6xSpt76eUPQ==",
      "cpu": [
        "x32"
      ],
      "license": "Apache-2.0",
      "optional": true,
      "os": [
        "linux"
      ],
      "bin": {
        "cli-linux-x32": "fastly"
      }
    },
    "node_modules/@fastly/cli-linux-x64": {
      "version": "12.1.0",
      "resolved": "https://registry.npmjs.org/@fastly/cli-linux-x64/-/cli-linux-x64-12.1.0.tgz",
      "integrity": "sha512-r4ChytXqfO8r8NfA1sdnMc5PC1kZSbGr/dI3aF2DFP0AOg8DlFgAS4a/xlf0Fy8PtyriC13AY+U/7Du35dyERw==",
      "cpu": [
        "x64"
      ],
      "license": "Apache-2.0",
      "optional": true,
      "os": [
        "linux"
      ],
      "bin": {
        "cli-linux-x64": "fastly"
      }
    },
    "node_modules/@fastly/cli-win32-arm64": {
      "version": "12.1.0",
      "resolved": "https://registry.npmjs.org/@fastly/cli-win32-arm64/-/cli-win32-arm64-12.1.0.tgz",
      "integrity": "sha512-icRkotsbKJLmtIulWMgvFyQya61fgbCS93YKjMShwwAHVHXE3Yd5un2GS+2hk4BKszAl8bQhoB6MZ+q6TLGABg==",
      "cpu": [
        "arm64"
      ],
      "license": "Apache-2.0",
      "optional": true,
      "os": [
        "win32"
      ],
      "bin": {
        "cli-win32-arm64": "fastly.exe"
      }
    },
    "node_modules/@fastly/cli-win32-x32": {
      "version": "12.1.0",
      "resolved": "https://registry.npmjs.org/@fastly/cli-win32-x32/-/cli-win32-x32-12.1.0.tgz",
      "integrity": "sha512-p6vWGr2CI9CBkXClv+I0wUymQrt+P+G9xkpB9attWsazh9Z7is9slEdX2jZ/tVMeA0NTH5urXwOBVzJLsM04xQ==",
      "cpu": [
        "x32"
      ],
      "license": "Apache-2.0",
      "optional": true,
      "os": [
        "win32"
      ],
      "bin": {
        "cli-win32-x32": "fastly.exe"
      }
    },
    "node_modules/@fastly/cli-win32-x64": {
      "version": "12.1.0",
      "resolved": "https://registry.npmjs.org/@fastly/cli-win32-x64/-/cli-win32-x64-12.1.0.tgz",
      "integrity": "sha512-ddd3FivlGw91A+UrlIBoQgsgyUBq1qG/07Q+aaGUWue1tZWco8FPa3nnS+1bGNmwFi95vNI2ExY8ihPNMUYRyg==",
      "cpu": [
        "x64"
      ],
      "license": "Apache-2.0",
      "optional": true,
      "os": [
        "win32"
      ],
      "bin": {
        "cli-win32-x64": "fastly.exe"
      }
    },
    "node_modules/@types/node": {
      "version": "20.5.3",
      "resolved": "https://registry.npmjs.org/@types/node/-/node-20.5.3.tgz",
      "integrity": "sha512-ITI7rbWczR8a/S6qjAW7DMqxqFMjjTo61qZVWJ1ubPvbIQsL5D/TvwjYEalM8Kthpe3hTzOGrF2TGbAu2uyqeA==",
      "dev": true
    },
    "node_modules/balanced-match": {
      "version": "4.0.4",
      "resolved": "https://registry.npmjs.org/balanced-match/-/balanced-match-4.0.4.tgz",
      "integrity": "sha512-BLrgEcRTwX2o6gGxGOCNyMvGSp35YofuYzw9h1IMTRmKqttAZZVU67bdb9Pr2vUHA8+j3i2tJfjO6C6+4myGTA==",
      "dev": true,
      "license": "MIT",
      "engines": {
        "node": "18 || 20 || >=22"
      }
    },
    "node_modules/brace-expansion": {
      "version": "5.0.4",
      "resolved": "https://registry.npmjs.org/brace-expansion/-/brace-expansion-5.0.4.tgz",
      "integrity": "sha512-h+DEnpVvxmfVefa4jFbCf5HdH5YMDXRsmKflpf1pILZWRFlTbJpxeU55nJl4Smt5HQaGzg1o6RHFPJaOqnmBDg==",
      "dev": true,
      "license": "MIT",
      "dependencies": {
        "balanced-match": "^4.0.2"
      },
      "engines": {
        "node": "18 || 20 || >=22"
      }
    },
    "node_modules/glob": {
      "version": "13.0.2",
      "resolved": "https://registry.npmjs.org/glob/-/glob-13.0.2.tgz",
      "integrity": "sha512-035InabNu/c1lW0tzPhAgapKctblppqsKKG9ZaNzbr+gXwWMjXoiyGSyB9sArzrjG7jY+zntRq5ZSUYemrnWVQ==",
      "dev": true,
      "license": "BlueOak-1.0.0",
      "dependencies": {
        "minimatch": "^10.1.2",
        "minipass": "^7.1.2",
        "path-scurry": "^2.0.0"
      },
      "engines": {
        "node": "20 || >=22"
      },
      "funding": {
        "url": "https://github.com/sponsors/isaacs"
      }
    },
    "node_modules/lru-cache": {
      "version": "11.2.6",
      "resolved": "https://registry.npmjs.org/lru-cache/-/lru-cache-11.2.6.tgz",
      "integrity": "sha512-ESL2CrkS/2wTPfuend7Zhkzo2u0daGJ/A2VucJOgQ/C48S/zB8MMeMHSGKYpXhIjbPxfuezITkaBH1wqv00DDQ==",
      "dev": true,
      "license": "BlueOak-1.0.0",
      "engines": {
        "node": "20 || >=22"
      }
    },
    "node_modules/minimatch": {
      "version": "10.2.4",
      "resolved": "https://registry.npmjs.org/minimatch/-/minimatch-10.2.4.tgz",
      "integrity": "sha512-oRjTw/97aTBN0RHbYCdtF1MQfvusSIBQM0IZEgzl6426+8jSC0nF1a/GmnVLpfB9yyr6g6FTqWqiZVbxrtaCIg==",
      "dev": true,
      "license": "BlueOak-1.0.0",
      "dependencies": {
        "brace-expansion": "^5.0.2"
      },
      "engines": {
        "node": "18 || 20 || >=22"
      },
      "funding": {
        "url": "https://github.com/sponsors/isaacs"
      }
    },
    "node_modules/minipass": {
      "version": "7.1.2",
      "resolved": "https://registry.npmjs.org/minipass/-/minipass-7.1.2.tgz",
      "integrity": "sha512-qOOzS1cBTWYF4BH8fVePDBOO9iptMnGUEZwNc/cMWnTV2nVLZ7VoNWEPHkYczZA0pdoA7dl6e7FL659nX9S2aw==",
      "dev": true,
      "license": "ISC",
      "engines": {
        "node": ">=16 || 14 >=14.17"
      }
    },
    "node_modules/package-json-from-dist": {
      "version": "1.0.1",
      "resolved": "https://registry.npmjs.org/package-json-from-dist/-/package-json-from-dist-1.0.1.tgz",
      "integrity": "sha512-UEZIS3/by4OC8vL3P2dTXRETpebLI2NiI5vIrjaD/5UtrkFX/tNbwjTSRAGC/+7CAo2pIcBaRgWmcBBHcsaCIw==",
      "dev": true,
      "license": "BlueOak-1.0.0"
    },
    "node_modules/path-scurry": {
      "version": "2.0.1",
      "resolved": "https://registry.npmjs.org/path-scurry/-/path-scurry-2.0.1.tgz",
      "integrity": "sha512-oWyT4gICAu+kaA7QWk/jvCHWarMKNs6pXOGWKDTr7cw4IGcUbW+PeTfbaQiLGheFRpjo6O9J0PmyMfQPjH71oA==",
      "dev": true,
      "license": "BlueOak-1.0.0",
      "dependencies": {
        "lru-cache": "^11.0.0",
        "minipass": "^7.1.2"
      },
      "engines": {
        "node": "20 || >=22"
      },
      "funding": {
        "url": "https://github.com/sponsors/isaacs"
      }
    },
    "node_modules/rimraf": {
      "version": "6.1.2",
      "resolved": "https://registry.npmjs.org/rimraf/-/rimraf-6.1.2.tgz",
      "integrity": "sha512-cFCkPslJv7BAXJsYlK1dZsbP8/ZNLkCAQ0bi1hf5EKX2QHegmDFEFA6QhuYJlk7UDdc+02JjO80YSOrWPpw06g==",
      "dev": true,
      "license": "BlueOak-1.0.0",
      "dependencies": {
        "glob": "^13.0.0",
        "package-json-from-dist": "^1.0.1"
      },
      "bin": {
        "rimraf": "dist/esm/bin.mjs"
      },
      "engines": {
        "node": "20 || >=22"
      },
      "funding": {
        "url": "https://github.com/sponsors/isaacs"
      }
    },
    "node_modules/tree-kill": {
      "version": "1.2.2",
      "resolved": "https://registry.npmjs.org/tree-kill/-/tree-kill-1.2.2.tgz",
      "integrity": "sha512-L0Orpi8qGpRG//Nd+H90vFB+3iHnue1zSSGmNOOCh1GLJ7rUKVwV2HvijphGQS2UmhUZewS9VgvxYIdgr+fG1A==",
      "bin": {
        "tree-kill": "cli.js"
      }
    },
    "node_modules/typescript": {
      "version": "5.1.6",
      "resolved": "https://registry.npmjs.org/typescript/-/typescript-5.1.6.tgz",
      "integrity": "sha512-zaWCozRZ6DLEWAWFrVDz1H6FVXzUSfTy5FUMWsQlU8Ym5JP9eO4xkTIROFCQvhQf61z6O/G6ugw3SgAnvvm+HA==",
      "dev": true,
      "bin": {
        "tsc": "bin/tsc",
        "tsserver": "bin/tsserver"
      },
      "engines": {
        "node": ">=14.17"
      }
    }
  }
}
